
Microsoft Visual Studio Solution File, Format Version 12.00
# Visual Studio Version 16
VisualStudioVersion = 16.0.34729.46
MinimumVisualStudioVersion = 10.0.40219.1
Project("{FAE04EC0-301F-11D3-BF4B-00C04F79EFBC}") = "NVT.Baitap1", "Baitap1\NVT.Baitap1.csproj", "{F3A2FD9C-B25F-4A60-966C-0F1E43BB5302}"
EndProject
Global
	GlobalSection(SolutionConfigurationPlatforms) = preSolution
		Debug|Any CPU = Debug|Any CPU
		Release|Any CPU = Release|Any CPU
	EndGlobalSection
	GlobalSection(ProjectConfigurationPlatforms) = postSolution
		{F3A2FD9C-B25F-4A60-966C-0F1E43BB5302}.Debug|Any CPU.ActiveCfg = Debug|Any CPU
		{F3A2FD9C-B25F-4A60-966C-0F1E43BB5302}.Debug|Any CPU.Build.0 = Debug|Any CPU
		{F3A2FD9C-B25F-4A60-966C-0F1E43BB5302}.Release|Any CPU.ActiveCfg = Release|Any CPU
		{F3A2FD9C-B25F-4A60-966C-0F1E43BB5302}.Release|Any CPU.Build.0 = Release|Any CPU
	EndGlobalSection
	GlobalSection(SolutionProperties) = preSolution
		HideSolutionNode = FALSE
	EndGlobalSection
	GlobalSection(ExtensibilityGlobals) = postSolution
		SolutionGuid = {1CB326C3-F412-43AE-A598-50A47A2BA152}
	EndGlobalSection
EndGlobal
